<Solution>
  <Folder Name="/CartService/">
     <Project Path="src/CartService.Api/CartService.Api.csproj" />
     <Project Path="src/CartService.Domain/CartService.Domain.csproj" />
     <Project Path="src/CartService.Application/CartService.Application.csproj" />
     <Project Path="src/CartService.Infrastructure/CartService.Infrastructure.csproj" />
      <Project Path="../Building-Blocks/Application.Abstractions/Application.Abstractions.csproj" />
    <Project Path="../Building-Blocks/Domain.Abstractions/Domain.Abstractions.csproj" />
    <Project Path="../Building-Blocks/Infrastructure.Abstractions/Infrastructure.Abstractions.csproj" />
    <Project Path="../Building-Blocks/ShopNet.Contracts/ShopNet.Contracts.csproj" />
  </Folder>
</Solution>
