<Solution>
  <Folder Name="/src/">
    <Project Path="src/IdentityService/IdentityService.csproj" />
    <Project Path="src/Keycloak.Client/Keycloak.Client.csproj" />
  </Folder>
  <Folder Name="/test/">
    <Project Path="test/IdentityService.IntegrationTests/IdentityService.IntegrationTests.csproj" />
    <Project Path="test/IdentityService.UnitTests/IdentityService.UnitTests.csproj" />
    <Project Path="test/Keycloak.Client.UnitTests/Keycloak.Client.UnitTests.csproj" />
  </Folder>
</Solution>
