<Solution>
  <Folder Name="/OrderService/">
    <Project Path="src/OrderService.Api/OrderService.Api.csproj" />
    <Project Path="src/OrderService.Application/OrderService.Application.csproj" />
    <Project Path="src/OrderService.Domain/OrderService.Domain.csproj" />
    <Project Path="src/OrderService.Infrastructure/OrderService.Infrastructure.csproj" />
    <Project Path="../Building-Blocks/Application.Abstractions/Application.Abstractions.csproj" />
    <Project Path="../Building-Blocks/Domain.Abstractions/Domain.Abstractions.csproj" />
    <Project Path="../Building-Blocks/Infrastructure.Abstractions/Infrastructure.Abstractions.csproj" />
    <Project Path="../Building-Blocks/ShopNet.Contracts/ShopNet.Contracts.csproj" />
  </Folder>
</Solution>
